
Microsoft Visual Studio Solution File, Format Version 12.00
# Visual Studio 14
VisualStudioVersion = 14.0.24720.0
MinimumVisualStudioVersion = 10.0.40219.1
Project("{FAE04EC0-301F-11D3-BF4B-00C04F79EFBC}") = "blqw.WorkQueue", "blqw.WorkQueue\blqw.WorkQueue.csproj", "{6D50520D-6DFA-4B24-9002-C9DD7D7A7583}"
EndProject
Project("{2150E333-8FDC-42A3-9474-1A3956D46DE8}") = "Solution Items", "Solution Items", "{64DD3102-0476-452E-B75B-D9A61D392B5D}"
	ProjectSection(SolutionItems) = preProject
		LICENSE = LICENSE
		blqw.WorkQueue\nuget-pack.bat = blqw.WorkQueue\nuget-pack.bat
		README.md = README.md
		blqw.WorkQueue\update-ioc.ps1 = blqw.WorkQueue\update-ioc.ps1
	EndProjectSection
EndProject
Global
	GlobalSection(SolutionConfigurationPlatforms) = preSolution
		Debug|Any CPU = Debug|Any CPU
		Release|Any CPU = Release|Any CPU
	EndGlobalSection
	GlobalSection(ProjectConfigurationPlatforms) = postSolution
		{6D50520D-6DFA-4B24-9002-C9DD7D7A7583}.Debug|Any CPU.ActiveCfg = Debug|Any CPU
		{6D50520D-6DFA-4B24-9002-C9DD7D7A7583}.Debug|Any CPU.Build.0 = Debug|Any CPU
		{6D50520D-6DFA-4B24-9002-C9DD7D7A7583}.Release|Any CPU.ActiveCfg = Release|Any CPU
		{6D50520D-6DFA-4B24-9002-C9DD7D7A7583}.Release|Any CPU.Build.0 = Release|Any CPU
	EndGlobalSection
	GlobalSection(SolutionProperties) = preSolution
		HideSolutionNode = FALSE
	EndGlobalSection
EndGlobal
